
Microsoft Visual Studio Solution File, Format Version 12.00
# Visual Studio Version 17
VisualStudioVersion = 17.14.36401.2 d17.14
MinimumVisualStudioVersion = 10.0.40219.1
Project("{FAE04EC0-301F-11D3-BF4B-00C04F79EFBC}") = "HospitalManagement.API", "HospitalManagement.API\HospitalManagement.API.csproj", "{B7ADEA68-B935-4FE0-BAC9-580DAF46C5D6}"
EndProject
Project("{FAE04EC0-301F-11D3-BF4B-00C04F79EFBC}") = "HospitalManagement.Core", "HospitalManagement.Core\HospitalManagement.Core.csproj", "{A1466CE5-A07A-40A7-893E-F0721EDC1892}"
EndProject
Project("{FAE04EC0-301F-11D3-BF4B-00C04F79EFBC}") = "HospitalManagement.Infrastructure", "HospitalManagement.Infrastructure\HospitalManagement.Infrastructure.csproj", "{9296E3D1-048A-45E9-AC2E-74770A129DEB}"
EndProject
Global
	GlobalSection(SolutionConfigurationPlatforms) = preSolution
		Debug|Any CPU = Debug|Any CPU
		Release|Any CPU = Release|Any CPU
	EndGlobalSection
	GlobalSection(ProjectConfigurationPlatforms) = postSolution
		{B7ADEA68-B935-4FE0-BAC9-580DAF46C5D6}.Debug|Any CPU.ActiveCfg = Debug|Any CPU
		{B7ADEA68-B935-4FE0-BAC9-580DAF46C5D6}.Debug|Any CPU.Build.0 = Debug|Any CPU
		{B7ADEA68-B935-4FE0-BAC9-580DAF46C5D6}.Release|Any CPU.ActiveCfg = Release|Any CPU
		{B7ADEA68-B935-4FE0-BAC9-580DAF46C5D6}.Release|Any CPU.Build.0 = Release|Any CPU
		{A1466CE5-A07A-40A7-893E-F0721EDC1892}.Debug|Any CPU.ActiveCfg = Debug|Any CPU
		{A1466CE5-A07A-40A7-893E-F0721EDC1892}.Debug|Any CPU.Build.0 = Debug|Any CPU
		{A1466CE5-A07A-40A7-893E-F0721EDC1892}.Release|Any CPU.ActiveCfg = Release|Any CPU
		{A1466CE5-A07A-40A7-893E-F0721EDC1892}.Release|Any CPU.Build.0 = Release|Any CPU
		{9296E3D1-048A-45E9-AC2E-74770A129DEB}.Debug|Any CPU.ActiveCfg = Debug|Any CPU
		{9296E3D1-048A-45E9-AC2E-74770A129DEB}.Debug|Any CPU.Build.0 = Debug|Any CPU
		{9296E3D1-048A-45E9-AC2E-74770A129DEB}.Release|Any CPU.ActiveCfg = Release|Any CPU
		{9296E3D1-048A-45E9-AC2E-74770A129DEB}.Release|Any CPU.Build.0 = Release|Any CPU
	EndGlobalSection
	GlobalSection(SolutionProperties) = preSolution
		HideSolutionNode = FALSE
	EndGlobalSection
	GlobalSection(ExtensibilityGlobals) = postSolution
		SolutionGuid = {5FC95B20-25DD-4B41-9822-EC731775E715}
	EndGlobalSection
EndGlobal
